// !$*UTF8*$!
{
	archiveVersion = 1;
	classes = {
	};
	objectVersion = 55;
	objects = {

/* Begin PBXBuildFile section */
		94043B3B2764E0EF004EE672 /* 88.MergeSortedArray.swift in Sources */ = {isa = PBXBuildFile; fileRef = 94043B3A2764E0EF004EE672 /* 88.MergeSortedArray.swift */; };
		94043B3D276A1E2C004EE672 /* 94.BinaryTreeInorderTraversal.swift in Sources */ = {isa = PBXBuildFile; fileRef = 94043B3C276A1E2C004EE672 /* 94.BinaryTreeInorderTraversal.swift */; };
		94043B3F276A2C73004EE672 /* 101.SymmetricTree.swift in Sources */ = {isa = PBXBuildFile; fileRef = 94043B3E276A2C73004EE672 /* 101.SymmetricTree.swift */; };
		94043B41276A343E004EE672 /* 104.MaximumDepthofBinaryTree.swift in Sources */ = {isa = PBXBuildFile; fileRef = 94043B40276A343E004EE672 /* 104.MaximumDepthofBinaryTree.swift */; };
		94043B43276B7247004EE672 /* 118.Pascal'sTriangle.swift in Sources */ = {isa = PBXBuildFile; fileRef = 94043B42276B7247004EE672 /* 118.Pascal'sTriangle.swift */; };
		94043B45276B76F8004EE672 /* 121.BestTimetoBuyandSellStock.swift in Sources */ = {isa = PBXBuildFile; fileRef = 94043B44276B76F8004EE672 /* 121.BestTimetoBuyandSellStock.swift */; };
		944D2105276F67EB00D558F2 /* 136.SingleNumber.swift in Sources */ = {isa = PBXBuildFile; fileRef = 944D2104276F67EB00D558F2 /* 136.SingleNumber.swift */; };
		944D2107276F6BA300D558F2 /* 141.LinkedListCycle.swift in Sources */ = {isa = PBXBuildFile; fileRef = 944D2106276F6BA300D558F2 /* 141.LinkedListCycle.swift */; };
		944D2109276F752300D558F2 /* 155.MinStack.swift in Sources */ = {isa = PBXBuildFile; fileRef = 944D2108276F752300D558F2 /* 155.MinStack.swift */; };
		944D210D276F7AAC00D558F2 /* 169.MajorityElement.swift in Sources */ = {isa = PBXBuildFile; fileRef = 944D210C276F7AAC00D558F2 /* 169.MajorityElement.swift */; };
		944D210F2770BC5000D558F2 /* 171.ExcelSheetColumnNumber.swift in Sources */ = {isa = PBXBuildFile; fileRef = 944D210E2770BC5000D558F2 /* 171.ExcelSheetColumnNumber.swift */; };
		944D21132770C73500D558F2 /* 206.ReverseLinkedList.swift in Sources */ = {isa = PBXBuildFile; fileRef = 944D21122770C73500D558F2 /* 206.ReverseLinkedList.swift */; };
		944D21152772052700D558F2 /* 217.ContainsDuplicate.swift in Sources */ = {isa = PBXBuildFile; fileRef = 944D21142772052700D558F2 /* 217.ContainsDuplicate.swift */; };
		944D21172772082B00D558F2 /* 234.PalindromeLinkedList.swift in Sources */ = {isa = PBXBuildFile; fileRef = 944D21162772082B00D558F2 /* 234.PalindromeLinkedList.swift */; };
		944D211927720C7500D558F2 /* 237.DeleteNodeinaLinkedList.swift in Sources */ = {isa = PBXBuildFile; fileRef = 944D211827720C7500D558F2 /* 237.DeleteNodeinaLinkedList.swift */; };
		944D211B27720E2700D558F2 /* 242.ValidAnagram.swift in Sources */ = {isa = PBXBuildFile; fileRef = 944D211A27720E2700D558F2 /* 242.ValidAnagram.swift */; };
		944D211D2772106900D558F2 /* 268.MissingNumber.swift in Sources */ = {isa = PBXBuildFile; fileRef = 944D211C2772106900D558F2 /* 268.MissingNumber.swift */; };
		944D211F2772149D00D558F2 /* 283.MoveZeroes.swift in Sources */ = {isa = PBXBuildFile; fileRef = 944D211E2772149D00D558F2 /* 283.MoveZeroes.swift */; };
		944D212127721C4E00D558F2 /* 326.PowerofThree.swift in Sources */ = {isa = PBXBuildFile; fileRef = 944D212027721C4E00D558F2 /* 326.PowerofThree.swift */; };
		944D212327721F3800D558F2 /* 344.ReverseString.swift in Sources */ = {isa = PBXBuildFile; fileRef = 944D212227721F3800D558F2 /* 344.ReverseString.swift */; };
		944D21252773560900D558F2 /* 350.IntersectionofTwoArraysII.swift in Sources */ = {isa = PBXBuildFile; fileRef = 944D21242773560900D558F2 /* 350.IntersectionofTwoArraysII.swift */; };
		944D2127277358D300D558F2 /* 387.FirstUniqueCharacterinaString.swift in Sources */ = {isa = PBXBuildFile; fileRef = 944D2126277358D300D558F2 /* 387.FirstUniqueCharacterinaString.swift */; };
		944D212927735BBF00D558F2 /* 412.FizzBuzz.swift in Sources */ = {isa = PBXBuildFile; fileRef = 944D212827735BBF00D558F2 /* 412.FizzBuzz.swift */; };
		947E2DC827638B1A00A40428 /* 69.Sqrt(x).swift in Sources */ = {isa = PBXBuildFile; fileRef = 947E2DC727638B1A00A40428 /* 69.Sqrt(x).swift */; };
		947E2DCA27638F2400A40428 /* 70.ClimbingStairs.swift in Sources */ = {isa = PBXBuildFile; fileRef = 947E2DC927638F2400A40428 /* 70.ClimbingStairs.swift */; };
		9481F96F276E24BE000EF084 /* 125.ValidPalindrome.swift in Sources */ = {isa = PBXBuildFile; fileRef = 9481F96E276E24BE000EF084 /* 125.ValidPalindrome.swift */; };
		94857C1E274E735B00FBB483 /* main.swift in Sources */ = {isa = PBXBuildFile; fileRef = 94857C1D274E735B00FBB483 /* main.swift */; };
		94857C26274E737A00FBB483 /* 9.PalindromeNumber.swift in Sources */ = {isa = PBXBuildFile; fileRef = 94857C25274E737A00FBB483 /* 9.PalindromeNumber.swift */; };
		94857C29274E766200FBB483 /* 13.RomantoInteger.swift in Sources */ = {isa = PBXBuildFile; fileRef = 94857C28274E766200FBB483 /* 13.RomantoInteger.swift */; };
		94857C2B274E7DAE00FBB483 /* 14.LongestCommonPrefix.swift in Sources */ = {isa = PBXBuildFile; fileRef = 94857C2A274E7DAE00FBB483 /* 14.LongestCommonPrefix.swift */; };
		94857C2D274E85ED00FBB483 /* 20.ValidParentheses.swift in Sources */ = {isa = PBXBuildFile; fileRef = 94857C2C274E85ED00FBB483 /* 20.ValidParentheses.swift */; };
		94E6DC732760E2620095D52E /* 21.MergeTwoSortedLists.swift in Sources */ = {isa = PBXBuildFile; fileRef = 94E6DC722760E2620095D52E /* 21.MergeTwoSortedLists.swift */; };
		94E6DC752760EE010095D52E /* 26.RemoveDuplicatesfromSortedArray.swift in Sources */ = {isa = PBXBuildFile; fileRef = 94E6DC742760EE010095D52E /* 26.RemoveDuplicatesfromSortedArray.swift */; };
		94E6DC772760F1180095D52E /* 27.RemoveElement.swift in Sources */ = {isa = PBXBuildFile; fileRef = 94E6DC762760F1180095D52E /* 27.RemoveElement.swift */; };
		94E6DC792760F3020095D52E /* 28.ImplementstrStr().swift in Sources */ = {isa = PBXBuildFile; fileRef = 94E6DC782760F3020095D52E /* 28.ImplementstrStr().swift */; };
		94E6DC7B276238DB0095D52E /* 35.SearchInsertPosition.swift in Sources */ = {isa = PBXBuildFile; fileRef = 94E6DC7A276238DB0095D52E /* 35.SearchInsertPosition.swift */; };
		94E6DC7D27623BF90095D52E /* 53.MaximumSubarray.swift in Sources */ = {isa = PBXBuildFile; fileRef = 94E6DC7C27623BF90095D52E /* 53.MaximumSubarray.swift */; };
		94E6DC7F27623E330095D52E /* 58.LengthofLastWord.swift in Sources */ = {isa = PBXBuildFile; fileRef = 94E6DC7E27623E330095D52E /* 58.LengthofLastWord.swift */; };
		94E6DC8127623FB80095D52E /* 66.PlusOne.swift in Sources */ = {isa = PBXBuildFile; fileRef = 94E6DC8027623FB80095D52E /* 66.PlusOne.swift */; };
		94E6DC8327637E1E0095D52E /* 67.AddBinary.swift in Sources */ = {isa = PBXBuildFile; fileRef = 94E6DC8227637E1E0095D52E /* 67.AddBinary.swift */; };
/* End PBXBuildFile section */

/* Begin PBXCopyFilesBuildPhase section */
		94857C18274E735B00FBB483 /* CopyFiles */ = {
			isa = PBXCopyFilesBuildPhase;
			buildActionMask = 2147483647;
			dstPath = /usr/share/man/man1/;
			dstSubfolderSpec = 0;
			files = (
			);
			runOnlyForDeploymentPostprocessing = 1;
		};
/* End PBXCopyFilesBuildPhase section */

/* Begin PBXFileReference section */
		94043B3A2764E0EF004EE672 /* 88.MergeSortedArray.swift */ = {isa = PBXFileReference; lastKnownFileType = sourcecode.swift; path = 88.MergeSortedArray.swift; sourceTree = "<group>"; };
		94043B3C276A1E2C004EE672 /* 94.BinaryTreeInorderTraversal.swift */ = {isa = PBXFileReference; lastKnownFileType = sourcecode.swift; path = 94.BinaryTreeInorderTraversal.swift; sourceTree = "<group>"; };
		94043B3E276A2C73004EE672 /* 101.SymmetricTree.swift */ = {isa = PBXFileReference; lastKnownFileType = sourcecode.swift; path = 101.SymmetricTree.swift; sourceTree = "<group>"; };
		94043B40276A343E004EE672 /* 104.MaximumDepthofBinaryTree.swift */ = {isa = PBXFileReference; lastKnownFileType = sourcecode.swift; path = 104.MaximumDepthofBinaryTree.swift; sourceTree = "<group>"; };
		94043B42276B7247004EE672 /* 118.Pascal'sTriangle.swift */ = {isa = PBXFileReference; lastKnownFileType = sourcecode.swift; path = "118.Pascal'sTriangle.swift"; sourceTree = "<group>"; };
		94043B44276B76F8004EE672 /* 121.BestTimetoBuyandSellStock.swift */ = {isa = PBXFileReference; lastKnownFileType = sourcecode.swift; path = 121.BestTimetoBuyandSellStock.swift; sourceTree = "<group>"; };
		944D2104276F67EB00D558F2 /* 136.SingleNumber.swift */ = {isa = PBXFileReference; lastKnownFileType = sourcecode.swift; path = 136.SingleNumber.swift; sourceTree = "<group>"; };
		944D2106276F6BA300D558F2 /* 141.LinkedListCycle.swift */ = {isa = PBXFileReference; lastKnownFileType = sourcecode.swift; path = 141.LinkedListCycle.swift; sourceTree = "<group>"; };
		944D2108276F752300D558F2 /* 155.MinStack.swift */ = {isa = PBXFileReference; lastKnownFileType = sourcecode.swift; path = 155.MinStack.swift; sourceTree = "<group>"; };
		944D210C276F7AAC00D558F2 /* 169.MajorityElement.swift */ = {isa = PBXFileReference; lastKnownFileType = sourcecode.swift; path = 169.MajorityElement.swift; sourceTree = "<group>"; };
		944D210E2770BC5000D558F2 /* 171.ExcelSheetColumnNumber.swift */ = {isa = PBXFileReference; lastKnownFileType = sourcecode.swift; path = 171.ExcelSheetColumnNumber.swift; sourceTree = "<group>"; };
		944D21122770C73500D558F2 /* 206.ReverseLinkedList.swift */ = {isa = PBXFileReference; lastKnownFileType = sourcecode.swift; path = 206.ReverseLinkedList.swift; sourceTree = "<group>"; };
		944D21142772052700D558F2 /* 217.ContainsDuplicate.swift */ = {isa = PBXFileReference; lastKnownFileType = sourcecode.swift; path = 217.ContainsDuplicate.swift; sourceTree = "<group>"; };
		944D21162772082B00D558F2 /* 234.PalindromeLinkedList.swift */ = {isa = PBXFileReference; lastKnownFileType = sourcecode.swift; path = 234.PalindromeLinkedList.swift; sourceTree = "<group>"; };
		944D211827720C7500D558F2 /* 237.DeleteNodeinaLinkedList.swift */ = {isa = PBXFileReference; lastKnownFileType = sourcecode.swift; path = 237.DeleteNodeinaLinkedList.swift; sourceTree = "<group>"; };
		944D211A27720E2700D558F2 /* 242.ValidAnagram.swift */ = {isa = PBXFileReference; lastKnownFileType = sourcecode.swift; path = 242.ValidAnagram.swift; sourceTree = "<group>"; };
		944D211C2772106900D558F2 /* 268.MissingNumber.swift */ = {isa = PBXFileReference; lastKnownFileType = sourcecode.swift; path = 268.MissingNumber.swift; sourceTree = "<group>"; };
		944D211E2772149D00D558F2 /* 283.MoveZeroes.swift */ = {isa = PBXFileReference; lastKnownFileType = sourcecode.swift; path = 283.MoveZeroes.swift; sourceTree = "<group>"; };
		944D212027721C4E00D558F2 /* 326.PowerofThree.swift */ = {isa = PBXFileReference; lastKnownFileType = sourcecode.swift; path = 326.PowerofThree.swift; sourceTree = "<group>"; };
		944D212227721F3800D558F2 /* 344.ReverseString.swift */ = {isa = PBXFileReference; lastKnownFileType = sourcecode.swift; path = 344.ReverseString.swift; sourceTree = "<group>"; };
		944D21242773560900D558F2 /* 350.IntersectionofTwoArraysII.swift */ = {isa = PBXFileReference; lastKnownFileType = sourcecode.swift; path = 350.IntersectionofTwoArraysII.swift; sourceTree = "<group>"; };
		944D2126277358D300D558F2 /* 387.FirstUniqueCharacterinaString.swift */ = {isa = PBXFileReference; lastKnownFileType = sourcecode.swift; path = 387.FirstUniqueCharacterinaString.swift; sourceTree = "<group>"; };
		944D212827735BBF00D558F2 /* 412.FizzBuzz.swift */ = {isa = PBXFileReference; lastKnownFileType = sourcecode.swift; path = 412.FizzBuzz.swift; sourceTree = "<group>"; };
		947E2DC727638B1A00A40428 /* 69.Sqrt(x).swift */ = {isa = PBXFileReference; lastKnownFileType = sourcecode.swift; path = "69.Sqrt(x).swift"; sourceTree = "<group>"; };
		947E2DC927638F2400A40428 /* 70.ClimbingStairs.swift */ = {isa = PBXFileReference; lastKnownFileType = sourcecode.swift; path = 70.ClimbingStairs.swift; sourceTree = "<group>"; };
		9481F96E276E24BE000EF084 /* 125.ValidPalindrome.swift */ = {isa = PBXFileReference; lastKnownFileType = sourcecode.swift; path = 125.ValidPalindrome.swift; sourceTree = "<group>"; };
		94857C1A274E735B00FBB483 /* LeetTest */ = {isa = PBXFileReference; explicitFileType = "compiled.mach-o.executable"; includeInIndex = 0; path = LeetTest; sourceTree = BUILT_PRODUCTS_DIR; };
		94857C1D274E735B00FBB483 /* main.swift */ = {isa = PBXFileReference; lastKnownFileType = sourcecode.swift; path = main.swift; sourceTree = "<group>"; };
		94857C25274E737A00FBB483 /* 9.PalindromeNumber.swift */ = {isa = PBXFileReference; lastKnownFileType = sourcecode.swift; path = 9.PalindromeNumber.swift; sourceTree = "<group>"; };
		94857C28274E766200FBB483 /* 13.RomantoInteger.swift */ = {isa = PBXFileReference; lastKnownFileType = sourcecode.swift; path = 13.RomantoInteger.swift; sourceTree = "<group>"; };
		94857C2A274E7DAE00FBB483 /* 14.LongestCommonPrefix.swift */ = {isa = PBXFileReference; lastKnownFileType = sourcecode.swift; path = 14.LongestCommonPrefix.swift; sourceTree = "<group>"; };
		94857C2C274E85ED00FBB483 /* 20.ValidParentheses.swift */ = {isa = PBXFileReference; lastKnownFileType = sourcecode.swift; path = 20.ValidParentheses.swift; sourceTree = "<group>"; };
		94CF9E002760DD2C0018F2F1 /* .gitignore */ = {isa = PBXFileReference; lastKnownFileType = text; path = .gitignore; sourceTree = "<group>"; };
		94CF9E012760DDCD0018F2F1 /* Readme.md */ = {isa = PBXFileReference; lastKnownFileType = net.daringfireball.markdown; path = Readme.md; sourceTree = "<group>"; };
		94E6DC722760E2620095D52E /* 21.MergeTwoSortedLists.swift */ = {isa = PBXFileReference; lastKnownFileType = sourcecode.swift; path = 21.MergeTwoSortedLists.swift; sourceTree = "<group>"; };
		94E6DC742760EE010095D52E /* 26.RemoveDuplicatesfromSortedArray.swift */ = {isa = PBXFileReference; lastKnownFileType = sourcecode.swift; path = 26.RemoveDuplicatesfromSortedArray.swift; sourceTree = "<group>"; };
		94E6DC762760F1180095D52E /* 27.RemoveElement.swift */ = {isa = PBXFileReference; lastKnownFileType = sourcecode.swift; path = 27.RemoveElement.swift; sourceTree = "<group>"; };
		94E6DC782760F3020095D52E /* 28.ImplementstrStr().swift */ = {isa = PBXFileReference; lastKnownFileType = sourcecode.swift; path = "28.ImplementstrStr().swift"; sourceTree = "<group>"; };
		94E6DC7A276238DB0095D52E /* 35.SearchInsertPosition.swift */ = {isa = PBXFileReference; lastKnownFileType = sourcecode.swift; path = 35.SearchInsertPosition.swift; sourceTree = "<group>"; };
		94E6DC7C27623BF90095D52E /* 53.MaximumSubarray.swift */ = {isa = PBXFileReference; lastKnownFileType = sourcecode.swift; path = 53.MaximumSubarray.swift; sourceTree = "<group>"; };
		94E6DC7E27623E330095D52E /* 58.LengthofLastWord.swift */ = {isa = PBXFileReference; lastKnownFileType = sourcecode.swift; path = 58.LengthofLastWord.swift; sourceTree = "<group>"; };
		94E6DC8027623FB80095D52E /* 66.PlusOne.swift */ = {isa = PBXFileReference; lastKnownFileType = sourcecode.swift; path = 66.PlusOne.swift; sourceTree = "<group>"; };
		94E6DC8227637E1E0095D52E /* 67.AddBinary.swift */ = {isa = PBXFileReference; lastKnownFileType = sourcecode.swift; path = 67.AddBinary.swift; sourceTree = "<group>"; };
/* End PBXFileReference section */

/* Begin PBXFrameworksBuildPhase section */
		94857C17274E735B00FBB483 /* Frameworks */ = {
			isa = PBXFrameworksBuildPhase;
			buildActionMask = 2147483647;
			files = (
			);
			runOnlyForDeploymentPostprocessing = 0;
		};
/* End PBXFrameworksBuildPhase section */

/* Begin PBXGroup section */
		94857C11274E735B00FBB483 = {
			isa = PBXGroup;
			children = (
				94CF9E012760DDCD0018F2F1 /* Readme.md */,
				94CF9E002760DD2C0018F2F1 /* .gitignore */,
				94857C1C274E735B00FBB483 /* LeetTest */,
				94857C1B274E735B00FBB483 /* Products */,
			);
			sourceTree = "<group>";
		};
		94857C1B274E735B00FBB483 /* Products */ = {
			isa = PBXGroup;
			children = (
				94857C1A274E735B00FBB483 /* LeetTest */,
			);
			name = Products;
			sourceTree = "<group>";
		};
		94857C1C274E735B00FBB483 /* LeetTest */ = {
			isa = PBXGroup;
			children = (
				94857C24274E736A00FBB483 /* LeetCode-Easy */,
				94857C1D274E735B00FBB483 /* main.swift */,
			);
			path = LeetTest;
			sourceTree = "<group>";
		};
		94857C24274E736A00FBB483 /* LeetCode-Easy */ = {
			isa = PBXGroup;
			children = (
				94857C25274E737A00FBB483 /* 9.PalindromeNumber.swift */,
				94857C28274E766200FBB483 /* 13.RomantoInteger.swift */,
				94857C2A274E7DAE00FBB483 /* 14.LongestCommonPrefix.swift */,
				94857C2C274E85ED00FBB483 /* 20.ValidParentheses.swift */,
				94E6DC722760E2620095D52E /* 21.MergeTwoSortedLists.swift */,
				94E6DC742760EE010095D52E /* 26.RemoveDuplicatesfromSortedArray.swift */,
				94E6DC762760F1180095D52E /* 27.RemoveElement.swift */,
				94E6DC782760F3020095D52E /* 28.ImplementstrStr().swift */,
				94E6DC7A276238DB0095D52E /* 35.SearchInsertPosition.swift */,
				94E6DC7C27623BF90095D52E /* 53.MaximumSubarray.swift */,
				94E6DC7E27623E330095D52E /* 58.LengthofLastWord.swift */,
				94E6DC8027623FB80095D52E /* 66.PlusOne.swift */,
				94E6DC8227637E1E0095D52E /* 67.AddBinary.swift */,
				947E2DC727638B1A00A40428 /* 69.Sqrt(x).swift */,
				947E2DC927638F2400A40428 /* 70.ClimbingStairs.swift */,
				94043B3A2764E0EF004EE672 /* 88.MergeSortedArray.swift */,
				94043B3C276A1E2C004EE672 /* 94.BinaryTreeInorderTraversal.swift */,
				94043B3E276A2C73004EE672 /* 101.SymmetricTree.swift */,
				94043B40276A343E004EE672 /* 104.MaximumDepthofBinaryTree.swift */,
				94043B42276B7247004EE672 /* 118.Pascal'sTriangle.swift */,
				94043B44276B76F8004EE672 /* 121.BestTimetoBuyandSellStock.swift */,
				9481F96E276E24BE000EF084 /* 125.ValidPalindrome.swift */,
				944D2104276F67EB00D558F2 /* 136.SingleNumber.swift */,
				944D2106276F6BA300D558F2 /* 141.LinkedListCycle.swift */,
				944D2108276F752300D558F2 /* 155.MinStack.swift */,
				944D210C276F7AAC00D558F2 /* 169.MajorityElement.swift */,
				944D210E2770BC5000D558F2 /* 171.ExcelSheetColumnNumber.swift */,
				944D21122770C73500D558F2 /* 206.ReverseLinkedList.swift */,
				944D21142772052700D558F2 /* 217.ContainsDuplicate.swift */,
				944D21162772082B00D558F2 /* 234.PalindromeLinkedList.swift */,
				944D211827720C7500D558F2 /* 237.DeleteNodeinaLinkedList.swift */,
				944D211A27720E2700D558F2 /* 242.ValidAnagram.swift */,
				944D211C2772106900D558F2 /* 268.MissingNumber.swift */,
				944D211E2772149D00D558F2 /* 283.MoveZeroes.swift */,
				944D212027721C4E00D558F2 /* 326.PowerofThree.swift */,
				944D212227721F3800D558F2 /* 344.ReverseString.swift */,
				944D21242773560900D558F2 /* 350.IntersectionofTwoArraysII.swift */,
				944D2126277358D300D558F2 /* 387.FirstUniqueCharacterinaString.swift */,
				944D212827735BBF00D558F2 /* 412.FizzBuzz.swift */,
			);
			path = "LeetCode-Easy";
			sourceTree = "<group>";
		};
/* End PBXGroup section */

/* Begin PBXNativeTarget section */
		94857C19274E735B00FBB483 /* LeetTest */ = {
			isa = PBXNativeTarget;
			buildConfigurationList = 94857C21274E735B00FBB483 /* Build configuration list for PBXNativeTarget "LeetTest" */;
			buildPhases = (
				94857C16274E735B00FBB483 /* Sources */,
				94857C17274E735B00FBB483 /* Frameworks */,
				94857C18274E735B00FBB483 /* CopyFiles */,
			);
			buildRules = (
			);
			dependencies = (
			);
			name = LeetTest;
			productName = LeetTest;
			productReference = 94857C1A274E735B00FBB483 /* LeetTest */;
			productType = "com.apple.product-type.tool";
		};
/* End PBXNativeTarget section */

/* Begin PBXProject section */
		94857C12274E735B00FBB483 /* Project object */ = {
			isa = PBXProject;
			attributes = {
				BuildIndependentTargetsInParallel = 1;
				LastSwiftUpdateCheck = 1310;
				LastUpgradeCheck = 1310;
				TargetAttributes = {
					94857C19274E735B00FBB483 = {
						CreatedOnToolsVersion = 13.1;
					};
				};
			};
			buildConfigurationList = 94857C15274E735B00FBB483 /* Build configuration list for PBXProject "LeetTest" */;
			compatibilityVersion = "Xcode 13.0";
			developmentRegion = en;
			hasScannedForEncodings = 0;
			knownRegions = (
				en,
				Base,
			);
			mainGroup = 94857C11274E735B00FBB483;
			productRefGroup = 94857C1B274E735B00FBB483 /* Products */;
			projectDirPath = "";
			projectRoot = "";
			targets = (
				94857C19274E735B00FBB483 /* LeetTest */,
			);
		};
/* End PBXProject section */

/* Begin PBXSourcesBuildPhase section */
		94857C16274E735B00FBB483 /* Sources */ = {
			isa = PBXSourcesBuildPhase;
			buildActionMask = 2147483647;
			files = (
				94E6DC792760F3020095D52E /* 28.ImplementstrStr().swift in Sources */,
				94E6DC772760F1180095D52E /* 27.RemoveElement.swift in Sources */,
				944D2109276F752300D558F2 /* 155.MinStack.swift in Sources */,
				947E2DCA27638F2400A40428 /* 70.ClimbingStairs.swift in Sources */,
				944D212127721C4E00D558F2 /* 326.PowerofThree.swift in Sources */,
				94043B3D276A1E2C004EE672 /* 94.BinaryTreeInorderTraversal.swift in Sources */,
				944D211F2772149D00D558F2 /* 283.MoveZeroes.swift in Sources */,
				944D211B27720E2700D558F2 /* 242.ValidAnagram.swift in Sources */,
				944D21172772082B00D558F2 /* 234.PalindromeLinkedList.swift in Sources */,
				94E6DC7D27623BF90095D52E /* 53.MaximumSubarray.swift in Sources */,
				94043B43276B7247004EE672 /* 118.Pascal'sTriangle.swift in Sources */,
				94043B41276A343E004EE672 /* 104.MaximumDepthofBinaryTree.swift in Sources */,
				944D21252773560900D558F2 /* 350.IntersectionofTwoArraysII.swift in Sources */,
				94043B3B2764E0EF004EE672 /* 88.MergeSortedArray.swift in Sources */,
				94857C2D274E85ED00FBB483 /* 20.ValidParentheses.swift in Sources */,
				944D21152772052700D558F2 /* 217.ContainsDuplicate.swift in Sources */,
				944D210F2770BC5000D558F2 /* 171.ExcelSheetColumnNumber.swift in Sources */,
				94043B45276B76F8004EE672 /* 121.BestTimetoBuyandSellStock.swift in Sources */,
				94857C29274E766200FBB483 /* 13.RomantoInteger.swift in Sources */,
				944D2107276F6BA300D558F2 /* 141.LinkedListCycle.swift in Sources */,
				94043B3F276A2C73004EE672 /* 101.SymmetricTree.swift in Sources */,
				947E2DC827638B1A00A40428 /* 69.Sqrt(x).swift in Sources */,
				944D210D276F7AAC00D558F2 /* 169.MajorityElement.swift in Sources */,
				944D212327721F3800D558F2 /* 344.ReverseString.swift in Sources */,
				944D212927735BBF00D558F2 /* 412.FizzBuzz.swift in Sources */,
				94E6DC8127623FB80095D52E /* 66.PlusOne.swift in Sources */,
				94E6DC7B276238DB0095D52E /* 35.SearchInsertPosition.swift in Sources */,
				9481F96F276E24BE000EF084 /* 125.ValidPalindrome.swift in Sources */,
				944D211D2772106900D558F2 /* 268.MissingNumber.swift in Sources */,
				94E6DC7F27623E330095D52E /* 58.LengthofLastWord.swift in Sources */,
				94857C2B274E7DAE00FBB483 /* 14.LongestCommonPrefix.swift in Sources */,
				94E6DC752760EE010095D52E /* 26.RemoveDuplicatesfromSortedArray.swift in Sources */,
				944D21132770C73500D558F2 /* 206.ReverseLinkedList.swift in Sources */,
				94857C26274E737A00FBB483 /* 9.PalindromeNumber.swift in Sources */,
				944D2105276F67EB00D558F2 /* 136.SingleNumber.swift in Sources */,
				94E6DC732760E2620095D52E /* 21.MergeTwoSortedLists.swift in Sources */,
				944D2127277358D300D558F2 /* 387.FirstUniqueCharacterinaString.swift in Sources */,
				94E6DC8327637E1E0095D52E /* 67.AddBinary.swift in Sources */,
				944D211927720C7500D558F2 /* 237.DeleteNodeinaLinkedList.swift in Sources */,
				94857C1E274E735B00FBB483 /* main.swift in Sources */,
			);
			runOnlyForDeploymentPostprocessing = 0;
		};
/* End PBXSourcesBuildPhase section */

/* Begin XCBuildConfiguration section */
		94857C1F274E735B00FBB483 /* Debug */ = {
			isa = XCBuildConfiguration;
			buildSettings = {
				ALWAYS_SEARCH_USER_PATHS = NO;
				CLANG_ANALYZER_NONNULL = YES;
				CLANG_ANALYZER_NUMBER_OBJECT_CONVERSION = YES_AGGRESSIVE;
				CLANG_CXX_LANGUAGE_STANDARD = "gnu++17";
				CLANG_CXX_LIBRARY = "libc++";
				CLANG_ENABLE_MODULES = YES;
				CLANG_ENABLE_OBJC_ARC = YES;
				CLANG_ENABLE_OBJC_WEAK = YES;
				CLANG_WARN_BLOCK_CAPTURE_AUTORELEASING = YES;
				CLANG_WARN_BOOL_CONVERSION = YES;
				CLANG_WARN_COMMA = YES;
				CLANG_WARN_CONSTANT_CONVERSION = YES;
				CLANG_WARN_DEPRECATED_OBJC_IMPLEMENTATIONS = YES;
				CLANG_WARN_DIRECT_OBJC_ISA_USAGE = YES_ERROR;
				CLANG_WARN_DOCUMENTATION_COMMENTS = YES;
				CLANG_WARN_EMPTY_BODY = YES;
				CLANG_WARN_ENUM_CONVERSION = YES;
				CLANG_WARN_INFINITE_RECURSION = YES;
				CLANG_WARN_INT_CONVERSION = YES;
				CLANG_WARN_NON_LITERAL_NULL_CONVERSION = YES;
				CLANG_WARN_OBJC_IMPLICIT_RETAIN_SELF = YES;
				CLANG_WARN_OBJC_LITERAL_CONVERSION = YES;
				CLANG_WARN_OBJC_ROOT_CLASS = YES_ERROR;
				CLANG_WARN_QUOTED_INCLUDE_IN_FRAMEWORK_HEADER = YES;
				CLANG_WARN_RANGE_LOOP_ANALYSIS = YES;
				CLANG_WARN_STRICT_PROTOTYPES = YES;
				CLANG_WARN_SUSPICIOUS_MOVE = YES;
				CLANG_WARN_UNGUARDED_AVAILABILITY = YES_AGGRESSIVE;
				CLANG_WARN_UNREACHABLE_CODE = YES;
				CLANG_WARN__DUPLICATE_METHOD_MATCH = YES;
				COPY_PHASE_STRIP = NO;
				DEBUG_INFORMATION_FORMAT = dwarf;
				ENABLE_STRICT_OBJC_MSGSEND = YES;
				ENABLE_TESTABILITY = YES;
				GCC_C_LANGUAGE_STANDARD = gnu11;
				GCC_DYNAMIC_NO_PIC = NO;
				GCC_NO_COMMON_BLOCKS = YES;
				GCC_OPTIMIZATION_LEVEL = 0;
				GCC_PREPROCESSOR_DEFINITIONS = (
					"DEBUG=1",
					"$(inherited)",
				);
				GCC_WARN_64_TO_32_BIT_CONVERSION = YES;
				GCC_WARN_ABOUT_RETURN_TYPE = YES_ERROR;
				GCC_WARN_UNDECLARED_SELECTOR = YES;
				GCC_WARN_UNINITIALIZED_AUTOS = YES_AGGRESSIVE;
				GCC_WARN_UNUSED_FUNCTION = YES;
				GCC_WARN_UNUSED_VARIABLE = YES;
				MACOSX_DEPLOYMENT_TARGET = 12.0;
				MTL_ENABLE_DEBUG_INFO = INCLUDE_SOURCE;
				MTL_FAST_MATH = YES;
				ONLY_ACTIVE_ARCH = YES;
				SDKROOT = macosx;
				SWIFT_ACTIVE_COMPILATION_CONDITIONS = DEBUG;
				SWIFT_OPTIMIZATION_LEVEL = "-Onone";
			};
			name = Debug;
		};
		94857C20274E735B00FBB483 /* Release */ = {
			isa = XCBuildConfiguration;
			buildSettings = {
				ALWAYS_SEARCH_USER_PATHS = NO;
				CLANG_ANALYZER_NONNULL = YES;
				CLANG_ANALYZER_NUMBER_OBJECT_CONVERSION = YES_AGGRESSIVE;
				CLANG_CXX_LANGUAGE_STANDARD = "gnu++17";
				CLANG_CXX_LIBRARY = "libc++";
				CLANG_ENABLE_MODULES = YES;
				CLANG_ENABLE_OBJC_ARC = YES;
				CLANG_ENABLE_OBJC_WEAK = YES;
				CLANG_WARN_BLOCK_CAPTURE_AUTORELEASING = YES;
				CLANG_WARN_BOOL_CONVERSION = YES;
				CLANG_WARN_COMMA = YES;
				CLANG_WARN_CONSTANT_CONVERSION = YES;
				CLANG_WARN_DEPRECATED_OBJC_IMPLEMENTATIONS = YES;
				CLANG_WARN_DIRECT_OBJC_ISA_USAGE = YES_ERROR;
				CLANG_WARN_DOCUMENTATION_COMMENTS = YES;
				CLANG_WARN_EMPTY_BODY = YES;
				CLANG_WARN_ENUM_CONVERSION = YES;
				CLANG_WARN_INFINITE_RECURSION = YES;
				CLANG_WARN_INT_CONVERSION = YES;
				CLANG_WARN_NON_LITERAL_NULL_CONVERSION = YES;
				CLANG_WARN_OBJC_IMPLICIT_RETAIN_SELF = YES;
				CLANG_WARN_OBJC_LITERAL_CONVERSION = YES;
				CLANG_WARN_OBJC_ROOT_CLASS = YES_ERROR;
				CLANG_WARN_QUOTED_INCLUDE_IN_FRAMEWORK_HEADER = YES;
				CLANG_WARN_RANGE_LOOP_ANALYSIS = YES;
				CLANG_WARN_STRICT_PROTOTYPES = YES;
				CLANG_WARN_SUSPICIOUS_MOVE = YES;
				CLANG_WARN_UNGUARDED_AVAILABILITY = YES_AGGRESSIVE;
				CLANG_WARN_UNREACHABLE_CODE = YES;
				CLANG_WARN__DUPLICATE_METHOD_MATCH = YES;
				COPY_PHASE_STRIP = NO;
				DEBUG_INFORMATION_FORMAT = "dwarf-with-dsym";
				ENABLE_NS_ASSERTIONS = NO;
				ENABLE_STRICT_OBJC_MSGSEND = YES;
				GCC_C_LANGUAGE_STANDARD = gnu11;
				GCC_NO_COMMON_BLOCKS = YES;
				GCC_WARN_64_TO_32_BIT_CONVERSION = YES;
				GCC_WARN_ABOUT_RETURN_TYPE = YES_ERROR;
				GCC_WARN_UNDECLARED_SELECTOR = YES;
				GCC_WARN_UNINITIALIZED_AUTOS = YES_AGGRESSIVE;
				GCC_WARN_UNUSED_FUNCTION = YES;
				GCC_WARN_UNUSED_VARIABLE = YES;
				MACOSX_DEPLOYMENT_TARGET = 12.0;
				MTL_ENABLE_DEBUG_INFO = NO;
				MTL_FAST_MATH = YES;
				SDKROOT = macosx;
				SWIFT_COMPILATION_MODE = wholemodule;
				SWIFT_OPTIMIZATION_LEVEL = "-O";
			};
			name = Release;
		};
		94857C22274E735B00FBB483 /* Debug */ = {
			isa = XCBuildConfiguration;
			buildSettings = {
				CODE_SIGN_STYLE = Automatic;
				MACOSX_DEPLOYMENT_TARGET = 11.5;
				PRODUCT_NAME = "$(TARGET_NAME)";
				SWIFT_VERSION = 5.0;
			};
			name = Debug;
		};
		94857C23274E735B00FBB483 /* Release */ = {
			isa = XCBuildConfiguration;
			buildSettings = {
				CODE_SIGN_STYLE = Automatic;
				MACOSX_DEPLOYMENT_TARGET = 11.5;
				PRODUCT_NAME = "$(TARGET_NAME)";
				SWIFT_VERSION = 5.0;
			};
			name = Release;
		};
/* End XCBuildConfiguration section */

/* Begin XCConfigurationList section */
		94857C15274E735B00FBB483 /* Build configuration list for PBXProject "LeetTest" */ = {
			isa = XCConfigurationList;
			buildConfigurations = (
				94857C1F274E735B00FBB483 /* Debug */,
				94857C20274E735B00FBB483 /* Release */,
			);
			defaultConfigurationIsVisible = 0;
			defaultConfigurationName = Release;
		};
		94857C21274E735B00FBB483 /* Build configuration list for PBXNativeTarget "LeetTest" */ = {
			isa = XCConfigurationList;
			buildConfigurations = (
				94857C22274E735B00FBB483 /* Debug */,
				94857C23274E735B00FBB483 /* Release */,
			);
			defaultConfigurationIsVisible = 0;
			defaultConfigurationName = Release;
		};
/* End XCConfigurationList section */
	};
	rootObject = 94857C12274E735B00FBB483 /* Project object */;
}
